
Microsoft Visual Studio Solution File, Format Version 12.00
# Visual Studio Version 17
VisualStudioVersion = 17.0.32112.339
MinimumVisualStudioVersion = 10.0.40219.1
Project("{FAE04EC0-301F-11D3-BF4B-00C04F79EFBC}") = "Pokedex", "Pokedex\Pokedex.csproj", "{E57F2F62-62AA-40EA-AF1A-9A8C22EA8460}"
EndProject
Project("{FAE04EC0-301F-11D3-BF4B-00C04F79EFBC}") = "Application", "Application\Application.csproj", "{A028FD09-1796-4790-9558-DB17E8083A80}"
EndProject
Global
	GlobalSection(SolutionConfigurationPlatforms) = preSolution
		Debug|Any CPU = Debug|Any CPU
		Release|Any CPU = Release|Any CPU
	EndGlobalSection
	GlobalSection(ProjectConfigurationPlatforms) = postSolution
		{E57F2F62-62AA-40EA-AF1A-9A8C22EA8460}.Debug|Any CPU.ActiveCfg = Debug|Any CPU
		{E57F2F62-62AA-40EA-AF1A-9A8C22EA8460}.Debug|Any CPU.Build.0 = Debug|Any CPU
		{E57F2F62-62AA-40EA-AF1A-9A8C22EA8460}.Release|Any CPU.ActiveCfg = Release|Any CPU
		{E57F2F62-62AA-40EA-AF1A-9A8C22EA8460}.Release|Any CPU.Build.0 = Release|Any CPU
		{A028FD09-1796-4790-9558-DB17E8083A80}.Debug|Any CPU.ActiveCfg = Debug|Any CPU
		{A028FD09-1796-4790-9558-DB17E8083A80}.Debug|Any CPU.Build.0 = Debug|Any CPU
		{A028FD09-1796-4790-9558-DB17E8083A80}.Release|Any CPU.ActiveCfg = Release|Any CPU
		{A028FD09-1796-4790-9558-DB17E8083A80}.Release|Any CPU.Build.0 = Release|Any CPU
	EndGlobalSection
	GlobalSection(SolutionProperties) = preSolution
		HideSolutionNode = FALSE
	EndGlobalSection
	GlobalSection(ExtensibilityGlobals) = postSolution
		SolutionGuid = {ADC1075F-8FC4-4138-9505-01455B261526}
	EndGlobalSection
EndGlobal
